// !$*UTF8*$!
{
	archiveVersion = 1;
	classes = {
	};
	objectVersion = 46;
	objects = {

/* Begin PBXBuildFile section */
		CFE610C81BC44A120059A54C /* main.m in Sources */ = {isa = PBXBuildFile; fileRef = CFE610C71BC44A120059A54C /* main.m */; };
		CFE610CB1BC44A120059A54C /* AppDelegate.m in Sources */ = {isa = PBXBuildFile; fileRef = CFE610CA1BC44A120059A54C /* AppDelegate.m */; };
		CFE610D31BC44A120059A54C /* Assets.xcassets in Resources */ = {isa = PBXBuildFile; fileRef = CFE610D21BC44A120059A54C /* Assets.xcassets */; };
		CFE610E91BC44B1F0059A54C /* SingleViewController.m in Sources */ = {isa = PBXBuildFile; fileRef = CFE610E31BC44B1F0059A54C /* SingleViewController.m */; };
		CFE610EA1BC44B1F0059A54C /* SingleViewController.xib in Resources */ = {isa = PBXBuildFile; fileRef = CFE610E41BC44B1F0059A54C /* SingleViewController.xib */; };
		CFE610EB1BC44B1F0059A54C /* GDXView.m in Sources */ = {isa = PBXBuildFile; fileRef = CFE610E71BC44B1F0059A54C /* GDXView.m */; };
		CFE610F91BC44E510059A54C /* GDXInputView.m in Sources */ = {isa = PBXBuildFile; fileRef = CFE610F81BC44E510059A54C /* GDXInputView.m */; };
		CFE610FB1BC44E580059A54C /* GDXInputView.xib in Resources */ = {isa = PBXBuildFile; fileRef = CFE610FA1BC44E580059A54C /* GDXInputView.xib */; };
/* End PBXBuildFile section */

/* Begin PBXFileReference section */
		CFE610C31BC44A120059A54C /* GDXViewSample.app */ = {isa = PBXFileReference; explicitFileType = wrapper.application; includeInIndex = 0; path = GDXViewSample.app; sourceTree = BUILT_PRODUCTS_DIR; };
		CFE610C71BC44A120059A54C /* main.m */ = {isa = PBXFileReference; lastKnownFileType = sourcecode.c.objc; path = main.m; sourceTree = "<group>"; };
		CFE610C91BC44A120059A54C /* AppDelegate.h */ = {isa = PBXFileReference; lastKnownFileType = sourcecode.c.h; path = AppDelegate.h; sourceTree = "<group>"; };
		CFE610CA1BC44A120059A54C /* AppDelegate.m */ = {isa = PBXFileReference; lastKnownFileType = sourcecode.c.objc; path = AppDelegate.m; sourceTree = "<group>"; };
		CFE610D21BC44A120059A54C /* Assets.xcassets */ = {isa = PBXFileReference; lastKnownFileType = folder.assetcatalog; path = Assets.xcassets; sourceTree = "<group>"; };
		CFE610D71BC44A120059A54C /* Info.plist */ = {isa = PBXFileReference; lastKnownFileType = text.plist.xml; path = Info.plist; sourceTree = "<group>"; };
		CFE610E21BC44B1F0059A54C /* SingleViewController.h */ = {isa = PBXFileReference; fileEncoding = 4; lastKnownFileType = sourcecode.c.h; path = SingleViewController.h; sourceTree = "<group>"; };
		CFE610E31BC44B1F0059A54C /* SingleViewController.m */ = {isa = PBXFileReference; fileEncoding = 4; lastKnownFileType = sourcecode.c.objc; path = SingleViewController.m; sourceTree = "<group>"; };
		CFE610E41BC44B1F0059A54C /* SingleViewController.xib */ = {isa = PBXFileReference; fileEncoding = 4; lastKnownFileType = file.xib; path = SingleViewController.xib; sourceTree = "<group>"; };
		CFE610E61BC44B1F0059A54C /* GDXView.h */ = {isa = PBXFileReference; fileEncoding = 4; lastKnownFileType = sourcecode.c.h; path = GDXView.h; sourceTree = "<group>"; };
		CFE610E71BC44B1F0059A54C /* GDXView.m */ = {isa = PBXFileReference; fileEncoding = 4; lastKnownFileType = sourcecode.c.objc; path = GDXView.m; sourceTree = "<group>"; };
		CFE610F71BC44E510059A54C /* GDXInputView.h */ = {isa = PBXFileReference; fileEncoding = 4; lastKnownFileType = sourcecode.c.h; path = GDXInputView.h; sourceTree = "<group>"; };
		CFE610F81BC44E510059A54C /* GDXInputView.m */ = {isa = PBXFileReference; fileEncoding = 4; lastKnownFileType = sourcecode.c.objc; path = GDXInputView.m; sourceTree = "<group>"; };
		CFE610FA1BC44E580059A54C /* GDXInputView.xib */ = {isa = PBXFileReference; fileEncoding = 4; lastKnownFileType = file.xib; path = GDXInputView.xib; sourceTree = "<group>"; };
/* End PBXFileReference section */

/* Begin PBXFrameworksBuildPhase section */
		CFE610C01BC44A120059A54C /* Frameworks */ = {
			isa = PBXFrameworksBuildPhase;
			buildActionMask = 2147483647;
			files = (
			);
			runOnlyForDeploymentPostprocessing = 0;
		};
/* End PBXFrameworksBuildPhase section */

/* Begin PBXGroup section */
		CFE610BA1BC44A120059A54C = {
			isa = PBXGroup;
			children = (
				CFE610C51BC44A120059A54C /* GDXViewSample */,
				CFE610C41BC44A120059A54C /* Products */,
			);
			sourceTree = "<group>";
		};
		CFE610C41BC44A120059A54C /* Products */ = {
			isa = PBXGroup;
			children = (
				CFE610C31BC44A120059A54C /* GDXViewSample.app */,
			);
			name = Products;
			sourceTree = "<group>";
		};
		CFE610C51BC44A120059A54C /* GDXViewSample */ = {
			isa = PBXGroup;
			children = (
				CFE610DD1BC44B1F0059A54C /* Classes */,
				CFE610C91BC44A120059A54C /* AppDelegate.h */,
				CFE610CA1BC44A120059A54C /* AppDelegate.m */,
				CFE610D21BC44A120059A54C /* Assets.xcassets */,
				CFE610D71BC44A120059A54C /* Info.plist */,
				CFE610C71BC44A120059A54C /* main.m */,
			);
			path = GDXViewSample;
			sourceTree = "<group>";
		};
		CFE610DD1BC44B1F0059A54C /* Classes */ = {
			isa = PBXGroup;
			children = (
				CFE610E11BC44B1F0059A54C /* Presenter */,
				CFE610EC1BC44D5A0059A54C /* View */,
				CFE610E51BC44B1F0059A54C /* Vendor */,
			);
			path = Classes;
			sourceTree = "<group>";
		};
		CFE610E11BC44B1F0059A54C /* Presenter */ = {
			isa = PBXGroup;
			children = (
				CFE610E21BC44B1F0059A54C /* SingleViewController.h */,
				CFE610E31BC44B1F0059A54C /* SingleViewController.m */,
				CFE610E41BC44B1F0059A54C /* SingleViewController.xib */,
			);
			path = Presenter;
			sourceTree = "<group>";
		};
		CFE610E51BC44B1F0059A54C /* Vendor */ = {
			isa = PBXGroup;
			children = (
				CFE610E61BC44B1F0059A54C /* GDXView.h */,
				CFE610E71BC44B1F0059A54C /* GDXView.m */,
			);
			path = Vendor;
			sourceTree = "<group>";
		};
		CFE610EC1BC44D5A0059A54C /* View */ = {
			isa = PBXGroup;
			children = (
				CFE610F71BC44E510059A54C /* GDXInputView.h */,
				CFE610F81BC44E510059A54C /* GDXInputView.m */,
				CFE610FA1BC44E580059A54C /* GDXInputView.xib */,
			);
			path = View;
			sourceTree = "<group>";
		};
/* End PBXGroup section */

/* Begin PBXNativeTarget section */
		CFE610C21BC44A120059A54C /* GDXViewSample */ = {
			isa = PBXNativeTarget;
			buildConfigurationList = CFE610DA1BC44A120059A54C /* Build configuration list for PBXNativeTarget "GDXViewSample" */;
			buildPhases = (
				CFE610BF1BC44A120059A54C /* Sources */,
				CFE610C01BC44A120059A54C /* Frameworks */,
				CFE610C11BC44A120059A54C /* Resources */,
			);
			buildRules = (
			);
			dependencies = (
			);
			name = GDXViewSample;
			productName = GDXViewSample;
			productReference = CFE610C31BC44A120059A54C /* GDXViewSample.app */;
			productType = "com.apple.product-type.application";
		};
/* End PBXNativeTarget section */

/* Begin PBXProject section */
		CFE610BB1BC44A120059A54C /* Project object */ = {
			isa = PBXProject;
			attributes = {
				LastUpgradeCheck = 0710;
				ORGANIZATIONNAME = "Georgiy Malyukov";
				TargetAttributes = {
					CFE610C21BC44A120059A54C = {
						CreatedOnToolsVersion = 7.1;
					};
				};
			};
			buildConfigurationList = CFE610BE1BC44A120059A54C /* Build configuration list for PBXProject "GDXViewSample" */;
			compatibilityVersion = "Xcode 3.2";
			developmentRegion = English;
			hasScannedForEncodings = 0;
			knownRegions = (
				en,
				Base,
			);
			mainGroup = CFE610BA1BC44A120059A54C;
			productRefGroup = CFE610C41BC44A120059A54C /* Products */;
			projectDirPath = "";
			projectRoot = "";
			targets = (
				CFE610C21BC44A120059A54C /* GDXViewSample */,
			);
		};
/* End PBXProject section */

/* Begin PBXResourcesBuildPhase section */
		CFE610C11BC44A120059A54C /* Resources */ = {
			isa = PBXResourcesBuildPhase;
			buildActionMask = 2147483647;
			files = (
				CFE610FB1BC44E580059A54C /* GDXInputView.xib in Resources */,
				CFE610EA1BC44B1F0059A54C /* SingleViewController.xib in Resources */,
				CFE610D31BC44A120059A54C /* Assets.xcassets in Resources */,
			);
			runOnlyForDeploymentPostprocessing = 0;
		};
/* End PBXResourcesBuildPhase section */

/* Begin PBXSourcesBuildPhase section */
		CFE610BF1BC44A120059A54C /* Sources */ = {
			isa = PBXSourcesBuildPhase;
			buildActionMask = 2147483647;
			files = (
				CFE610F91BC44E510059A54C /* GDXInputView.m in Sources */,
				CFE610EB1BC44B1F0059A54C /* GDXView.m in Sources */,
				CFE610CB1BC44A120059A54C /* AppDelegate.m in Sources */,
				CFE610C81BC44A120059A54C /* main.m in Sources */,
				CFE610E91BC44B1F0059A54C /* SingleViewController.m in Sources */,
			);
			runOnlyForDeploymentPostprocessing = 0;
		};
/* End PBXSourcesBuildPhase section */

/* Begin XCBuildConfiguration section */
		CFE610D81BC44A120059A54C /* Debug */ = {
			isa = XCBuildConfiguration;
			buildSettings = {
				ALWAYS_SEARCH_USER_PATHS = NO;
				CLANG_CXX_LANGUAGE_STANDARD = "gnu++0x";
				CLANG_CXX_LIBRARY = "libc++";
				CLANG_ENABLE_MODULES = YES;
				CLANG_ENABLE_OBJC_ARC = YES;
				CLANG_WARN_BOOL_CONVERSION = YES;
				CLANG_WARN_CONSTANT_CONVERSION = YES;
				CLANG_WARN_DIRECT_OBJC_ISA_USAGE = YES_ERROR;
				CLANG_WARN_EMPTY_BODY = YES;
				CLANG_WARN_ENUM_CONVERSION = YES;
				CLANG_WARN_INT_CONVERSION = YES;
				CLANG_WARN_OBJC_ROOT_CLASS = YES_ERROR;
				CLANG_WARN_UNREACHABLE_CODE = YES;
				CLANG_WARN__DUPLICATE_METHOD_MATCH = YES;
				"CODE_SIGN_IDENTITY[sdk=iphoneos*]" = "iPhone Developer";
				COPY_PHASE_STRIP = NO;
				DEBUG_INFORMATION_FORMAT = dwarf;
				ENABLE_STRICT_OBJC_MSGSEND = YES;
				ENABLE_TESTABILITY = YES;
				GCC_C_LANGUAGE_STANDARD = gnu99;
				GCC_DYNAMIC_NO_PIC = NO;
				GCC_NO_COMMON_BLOCKS = YES;
				GCC_OPTIMIZATION_LEVEL = 0;
				GCC_PREPROCESSOR_DEFINITIONS = (
					"DEBUG=1",
					"$(inherited)",
				);
				GCC_WARN_64_TO_32_BIT_CONVERSION = YES;
				GCC_WARN_ABOUT_RETURN_TYPE = YES_ERROR;
				GCC_WARN_UNDECLARED_SELECTOR = YES;
				GCC_WARN_UNINITIALIZED_AUTOS = YES_AGGRESSIVE;
				GCC_WARN_UNUSED_FUNCTION = YES;
				GCC_WARN_UNUSED_VARIABLE = YES;
				IPHONEOS_DEPLOYMENT_TARGET = 8.0;
				MTL_ENABLE_DEBUG_INFO = YES;
				ONLY_ACTIVE_ARCH = YES;
				SDKROOT = iphoneos;
			};
			name = Debug;
		};
		CFE610D91BC44A120059A54C /* Release */ = {
			isa = XCBuildConfiguration;
			buildSettings = {
				ALWAYS_SEARCH_USER_PATHS = NO;
				CLANG_CXX_LANGUAGE_STANDARD = "gnu++0x";
				CLANG_CXX_LIBRARY = "libc++";
				CLANG_ENABLE_MODULES = YES;
				CLANG_ENABLE_OBJC_ARC = YES;
				CLANG_WARN_BOOL_CONVERSION = YES;
				CLANG_WARN_CONSTANT_CONVERSION = YES;
				CLANG_WARN_DIRECT_OBJC_ISA_USAGE = YES_ERROR;
				CLANG_WARN_EMPTY_BODY = YES;
				CLANG_WARN_ENUM_CONVERSION = YES;
				CLANG_WARN_INT_CONVERSION = YES;
				CLANG_WARN_OBJC_ROOT_CLASS = YES_ERROR;
				CLANG_WARN_UNREACHABLE_CODE = YES;
				CLANG_WARN__DUPLICATE_METHOD_MATCH = YES;
				"CODE_SIGN_IDENTITY[sdk=iphoneos*]" = "iPhone Developer";
				COPY_PHASE_STRIP = NO;
				DEBUG_INFORMATION_FORMAT = "dwarf-with-dsym";
				ENABLE_NS_ASSERTIONS = NO;
				ENABLE_STRICT_OBJC_MSGSEND = YES;
				GCC_C_LANGUAGE_STANDARD = gnu99;
				GCC_NO_COMMON_BLOCKS = YES;
				GCC_WARN_64_TO_32_BIT_CONVERSION = YES;
				GCC_WARN_ABOUT_RETURN_TYPE = YES_ERROR;
				GCC_WARN_UNDECLARED_SELECTOR = YES;
				GCC_WARN_UNINITIALIZED_AUTOS = YES_AGGRESSIVE;
				GCC_WARN_UNUSED_FUNCTION = YES;
				GCC_WARN_UNUSED_VARIABLE = YES;
				IPHONEOS_DEPLOYMENT_TARGET = 8.0;
				MTL_ENABLE_DEBUG_INFO = NO;
				SDKROOT = iphoneos;
				VALIDATE_PRODUCT = YES;
			};
			name = Release;
		};
		CFE610DB1BC44A120059A54C /* Debug */ = {
			isa = XCBuildConfiguration;
			buildSettings = {
				ASSETCATALOG_COMPILER_APPICON_NAME = AppIcon;
				ASSETCATALOG_COMPILER_LAUNCHIMAGE_NAME = LaunchImage;
				INFOPLIST_FILE = GDXViewSample/Info.plist;
				LD_RUNPATH_SEARCH_PATHS = "$(inherited) @executable_path/Frameworks";
				PRODUCT_BUNDLE_IDENTIFIER = com.gdxrepo.GDXViewSample;
				PRODUCT_NAME = "$(TARGET_NAME)";
			};
			name = Debug;
		};
		CFE610DC1BC44A120059A54C /* Release */ = {
			isa = XCBuildConfiguration;
			buildSettings = {
				ASSETCATALOG_COMPILER_APPICON_NAME = AppIcon;
				ASSETCATALOG_COMPILER_LAUNCHIMAGE_NAME = LaunchImage;
				INFOPLIST_FILE = GDXViewSample/Info.plist;
				LD_RUNPATH_SEARCH_PATHS = "$(inherited) @executable_path/Frameworks";
				PRODUCT_BUNDLE_IDENTIFIER = com.gdxrepo.GDXViewSample;
				PRODUCT_NAME = "$(TARGET_NAME)";
			};
			name = Release;
		};
/* End XCBuildConfiguration section */

/* Begin XCConfigurationList section */
		CFE610BE1BC44A120059A54C /* Build configuration list for PBXProject "GDXViewSample" */ = {
			isa = XCConfigurationList;
			buildConfigurations = (
				CFE610D81BC44A120059A54C /* Debug */,
				CFE610D91BC44A120059A54C /* Release */,
			);
			defaultConfigurationIsVisible = 0;
			defaultConfigurationName = Release;
		};
		CFE610DA1BC44A120059A54C /* Build configuration list for PBXNativeTarget "GDXViewSample" */ = {
			isa = XCConfigurationList;
			buildConfigurations = (
				CFE610DB1BC44A120059A54C /* Debug */,
				CFE610DC1BC44A120059A54C /* Release */,
			);
			defaultConfigurationIsVisible = 0;
		};
/* End XCConfigurationList section */
	};
	rootObject = CFE610BB1BC44A120059A54C /* Project object */;
}
